
Microsoft Visual Studio Solution File, Format Version 12.00
# Visual Studio Version 17
VisualStudioVersion = 17.14.36401.2
MinimumVisualStudioVersion = 10.0.40219.1
Project("{FAE04EC0-301F-11D3-BF4B-00C04F79EFBC}") = "AtConnect", "AtConnect\AtConnect.csproj", "{B656869C-FF0F-43C3-A34B-2AFC04511AFF}"
EndProject
Project("{FAE04EC0-301F-11D3-BF4B-00C04F79EFBC}") = "AtConnect.DAL", "AtConnect.DAL\AtConnect.DAL.csproj", "{934EB3FB-4B2A-490B-8F17-FD51755289D2}"
EndProject
Project("{FAE04EC0-301F-11D3-BF4B-00C04F79EFBC}") = "AtConnect.BLL", "AtConnect.BLL\AtConnect.BLL.csproj", "{31AC07B6-1FE1-4D65-8E9F-A0B9A9F14205}"
EndProject
Global
	GlobalSection(SolutionConfigurationPlatforms) = preSolution
		Debug|Any CPU = Debug|Any CPU
		Release|Any CPU = Release|Any CPU
	EndGlobalSection
	GlobalSection(ProjectConfigurationPlatforms) = postSolution
		{B656869C-FF0F-43C3-A34B-2AFC04511AFF}.Debug|Any CPU.ActiveCfg = Debug|Any CPU
		{B656869C-FF0F-43C3-A34B-2AFC04511AFF}.Debug|Any CPU.Build.0 = Debug|Any CPU
		{B656869C-FF0F-43C3-A34B-2AFC04511AFF}.Release|Any CPU.ActiveCfg = Release|Any CPU
		{B656869C-FF0F-43C3-A34B-2AFC04511AFF}.Release|Any CPU.Build.0 = Release|Any CPU
		{934EB3FB-4B2A-490B-8F17-FD51755289D2}.Debug|Any CPU.ActiveCfg = Debug|Any CPU
		{934EB3FB-4B2A-490B-8F17-FD51755289D2}.Debug|Any CPU.Build.0 = Debug|Any CPU
		{934EB3FB-4B2A-490B-8F17-FD51755289D2}.Release|Any CPU.ActiveCfg = Release|Any CPU
		{934EB3FB-4B2A-490B-8F17-FD51755289D2}.Release|Any CPU.Build.0 = Release|Any CPU
		{31AC07B6-1FE1-4D65-8E9F-A0B9A9F14205}.Debug|Any CPU.ActiveCfg = Debug|Any CPU
		{31AC07B6-1FE1-4D65-8E9F-A0B9A9F14205}.Debug|Any CPU.Build.0 = Debug|Any CPU
		{31AC07B6-1FE1-4D65-8E9F-A0B9A9F14205}.Release|Any CPU.ActiveCfg = Release|Any CPU
		{31AC07B6-1FE1-4D65-8E9F-A0B9A9F14205}.Release|Any CPU.Build.0 = Release|Any CPU
	EndGlobalSection
	GlobalSection(SolutionProperties) = preSolution
		HideSolutionNode = FALSE
	EndGlobalSection
	GlobalSection(ExtensibilityGlobals) = postSolution
		SolutionGuid = {C9C05758-BFEF-4BC3-A061-12E559B67557}
	EndGlobalSection
EndGlobal
